{
  "name": "Relationship Module Prototype",
  "version": "1.0.0",
  "lockfileVersion": 1,
  "dependencies": {
    "@material/animation": {
      "version": "0.3.1",
      "resolved": "https://registry.npmjs.org/@material/animation/-/animation-0.3.1.tgz",
      "integrity": "sha1-Ip3mkn0FkNbWsgFX13jSZO8CIpo="
    },
    "@material/auto-init": {
      "version": "0.1.3",
      "resolved": "https://registry.npmjs.org/@material/auto-init/-/auto-init-0.1.3.tgz",
      "integrity": "sha1-Efkuu0AGcmgjhEg5GlQlBbGTIZA="
    },
    "@material/base": {
      "version": "0.2.3",
      "resolved": "https://registry.npmjs.org/@material/base/-/base-0.2.3.tgz",
      "integrity": "sha1-xOsmttblhAwlStSHWI3E9puXHz4="
    },
    "@material/button": {
      "version": "0.3.11",
      "resolved": "https://registry.npmjs.org/@material/button/-/button-0.3.11.tgz",
      "integrity": "sha1-F6tM1dVTiePaNJaxwWJtzk9qeDk="
    },
    "@material/card": {
      "version": "0.2.6",
      "resolved": "https://registry.npmjs.org/@material/card/-/card-0.2.6.tgz",
      "integrity": "sha1-NxhN42KUkOuea1Ytx/eCPPh8+Pg="
    },
    "@material/checkbox": {
      "version": "0.4.2",
      "resolved": "https://registry.npmjs.org/@material/checkbox/-/checkbox-0.4.2.tgz",
      "integrity": "sha1-UMND2vC6ImVWLdiDK09wilS02sQ="
    },
    "@material/dialog": {
      "version": "0.3.5",
      "resolved": "https://registry.npmjs.org/@material/dialog/-/dialog-0.3.5.tgz",
      "integrity": "sha1-P09yTD5+JEUJ/U/+p7OHj1JjKfE=",
      "dependencies": {
        "@material/typography": {
          "version": "0.1.1",
          "resolved": "https://registry.npmjs.org/@material/typography/-/typography-0.1.1.tgz",
          "integrity": "sha1-+y40N70yhNOen7kUhXZ63msr0ME="
        }
      }
    },
    "@material/drawer": {
      "version": "0.5.4",
      "resolved": "https://registry.npmjs.org/@material/drawer/-/drawer-0.5.4.tgz",
      "integrity": "sha1-BLanjp6j7lXxqY7H6xctxiNBsNc="
    },
    "@material/elevation": {
      "version": "0.1.11",
      "resolved": "https://registry.npmjs.org/@material/elevation/-/elevation-0.1.11.tgz",
      "integrity": "sha1-GVgVZIaX8vutIGZqTCMtybbxGJs="
    },
    "@material/fab": {
      "version": "0.3.13",
      "resolved": "https://registry.npmjs.org/@material/fab/-/fab-0.3.13.tgz",
      "integrity": "sha1-tCbw4Vb6sr1QYwlb4n7BsM93Ebo="
    },
    "@material/form-field": {
      "version": "0.2.11",
      "resolved": "https://registry.npmjs.org/@material/form-field/-/form-field-0.2.11.tgz",
      "integrity": "sha1-BEtlJtAZuDW86mrfiCOc19M1vGk="
    },
    "@material/grid-list": {
      "version": "0.2.8",
      "resolved": "https://registry.npmjs.org/@material/grid-list/-/grid-list-0.2.8.tgz",
      "integrity": "sha1-kKkUZcSF4LpcfoXkbnsHbgGvk/U="
    },
    "@material/icon-toggle": {
      "version": "0.1.16",
      "resolved": "https://registry.npmjs.org/@material/icon-toggle/-/icon-toggle-0.1.16.tgz",
      "integrity": "sha1-JiHue/VqrUDWUs+rA8WXP1UNLVc="
    },
    "@material/layout-grid": {
      "version": "0.4.1",
      "resolved": "https://registry.npmjs.org/@material/layout-grid/-/layout-grid-0.4.1.tgz",
      "integrity": "sha1-MlFuZ1icKCbkUskTuRCLuvAdMBU="
    },
    "@material/linear-progress": {
      "version": "0.1.6",
      "resolved": "https://registry.npmjs.org/@material/linear-progress/-/linear-progress-0.1.6.tgz",
      "integrity": "sha1-GQfzta53Vu0qkGBUYLw1TatK4qM="
    },
    "@material/list": {
      "version": "0.2.14",
      "resolved": "https://registry.npmjs.org/@material/list/-/list-0.2.14.tgz",
      "integrity": "sha1-g4igewQigf9CX3l3lCu1Mm52JxE="
    },
    "@material/menu": {
      "version": "0.4.3",
      "resolved": "https://registry.npmjs.org/@material/menu/-/menu-0.4.3.tgz",
      "integrity": "sha1-/rw7GX/9/xAIfnaY8zpxGz4Tw3I="
    },
    "@material/radio": {
      "version": "0.2.9",
      "resolved": "https://registry.npmjs.org/@material/radio/-/radio-0.2.9.tgz",
      "integrity": "sha1-M2w+LZIU5CvYtThxXZUXzZVcOxc="
    },
    "@material/ripple": {
      "version": "0.8.2",
      "resolved": "https://registry.npmjs.org/@material/ripple/-/ripple-0.8.2.tgz",
      "integrity": "sha1-8YRAeXARIbOQX6TEfIMDXcEO1go="
    },
    "@material/rtl": {
      "version": "0.1.7",
      "resolved": "https://registry.npmjs.org/@material/rtl/-/rtl-0.1.7.tgz",
      "integrity": "sha1-s4t3GvGDvPNNZD9gDxf8QzaYU1o="
    },
    "@material/select": {
      "version": "0.3.12",
      "resolved": "https://registry.npmjs.org/@material/select/-/select-0.3.12.tgz",
      "integrity": "sha1-SanA3yOyNGMjVlAMj1lIH69dWrQ="
    },
    "@material/slider": {
      "version": "0.2.2",
      "resolved": "https://registry.npmjs.org/@material/slider/-/slider-0.2.2.tgz",
      "integrity": "sha1-959yeVv0c84aLiHmeM0ZNERtyTc="
    },
    "@material/snackbar": {
      "version": "0.3.2",
      "resolved": "https://registry.npmjs.org/@material/snackbar/-/snackbar-0.3.2.tgz",
      "integrity": "sha1-oNeudJbQr6T9TkSCf2zBrf8Fk5w="
    },
    "@material/switch": {
      "version": "0.1.11",
      "resolved": "https://registry.npmjs.org/@material/switch/-/switch-0.1.11.tgz",
      "integrity": "sha1-hHMWukv/bLQ7DN4foGo4vtiphzM="
    },
    "@material/tabs": {
      "version": "0.2.5",
      "resolved": "https://registry.npmjs.org/@material/tabs/-/tabs-0.2.5.tgz",
      "integrity": "sha1-KCIOIzxjyFCSSiZMAsqmlpNfuBY="
    },
    "@material/textfield": {
      "version": "0.3.3",
      "resolved": "https://registry.npmjs.org/@material/textfield/-/textfield-0.3.3.tgz",
      "integrity": "sha1-Eje5Ia4HCDCQ+zV7PNMnNfPonrM="
    },
    "@material/theme": {
      "version": "0.1.7",
      "resolved": "https://registry.npmjs.org/@material/theme/-/theme-0.1.7.tgz",
      "integrity": "sha1-2Up8UJn+rp3DGMY5gCMnx66C6HI="
    },
    "@material/toolbar": {
      "version": "0.4.4",
      "resolved": "https://registry.npmjs.org/@material/toolbar/-/toolbar-0.4.4.tgz",
      "integrity": "sha1-7IenfeabPLhkb+QUNtDXdxMFkK8="
    },
    "@material/typography": {
      "version": "0.3.0",
      "resolved": "https://registry.npmjs.org/@material/typography/-/typography-0.3.0.tgz",
      "integrity": "sha1-+CjC0yFb/WbFgHJwm0JgxkElOQo="
    },
    "batch": {
      "version": "0.5.0",
      "resolved": "https://registry.npmjs.org/batch/-/batch-0.5.0.tgz",
      "integrity": "sha1-/S4Fp6XWlrTbkxQBPihdj/NVfsM="
    },
    "buffer-crc32": {
      "version": "0.2.1",
      "resolved": "https://registry.npmjs.org/buffer-crc32/-/buffer-crc32-0.2.1.tgz",
      "integrity": "sha1-vj5TgvwCttYySVasGvmKqYsIU0w="
    },
    "bytes": {
      "version": "0.2.1",
      "resolved": "https://registry.npmjs.org/bytes/-/bytes-0.2.1.tgz",
      "integrity": "sha1-VVsIq8sGP4l1kFMCUj5M1P/f3zE="
    },
    "commander": {
      "version": "1.3.2",
      "resolved": "https://registry.npmjs.org/commander/-/commander-1.3.2.tgz",
      "integrity": "sha1-io8w7GcKb91kr1LxkUuQfXnq1bU="
    },
    "connect": {
      "version": "2.12.0",
      "resolved": "https://registry.npmjs.org/connect/-/connect-2.12.0.tgz",
      "integrity": "sha1-Mdj6DcrN8ZCNgivSkjvootKn7Zo="
    },
    "cookie": {
      "version": "0.1.0",
      "resolved": "https://registry.npmjs.org/cookie/-/cookie-0.1.0.tgz",
      "integrity": "sha1-kOtGndzpBchm3mh+/EMTHYgB+dA="
    },
    "cookie-signature": {
      "version": "1.0.1",
      "resolved": "https://registry.npmjs.org/cookie-signature/-/cookie-signature-1.0.1.tgz",
      "integrity": "sha1-ROByFIrwHm6OJK+/EmkNaK5pjss="
    },
    "core-util-is": {
      "version": "1.0.2",
      "resolved": "https://registry.npmjs.org/core-util-is/-/core-util-is-1.0.2.tgz",
      "integrity": "sha1-tf1UIgqivFq1eqtxQMlAdUUDwac="
    },
    "debug": {
      "version": "0.8.1",
      "resolved": "https://registry.npmjs.org/debug/-/debug-0.8.1.tgz",
      "integrity": "sha1-IP9NJvXkIstoobrLu2EDmtjBwTA="
    },
    "express": {
      "version": "3.4.8",
      "resolved": "https://registry.npmjs.org/express/-/express-3.4.8.tgz",
      "integrity": "sha1-qnqJht4HBTM39Lxe2aZFPZzI4uE="
    },
    "focus-trap": {
      "version": "2.3.0",
      "resolved": "https://registry.npmjs.org/focus-trap/-/focus-trap-2.3.0.tgz",
      "integrity": "sha1-B8kZZIZ9NGMV9PX434i/lkVTFuI="
    },
    "fresh": {
      "version": "0.2.0",
      "resolved": "https://registry.npmjs.org/fresh/-/fresh-0.2.0.tgz",
      "integrity": "sha1-v9lALPPfEsSkwxDHn5mj3eE9NKc="
    },
    "inherits": {
      "version": "2.0.3",
      "resolved": "https://registry.npmjs.org/inherits/-/inherits-2.0.3.tgz",
      "integrity": "sha1-Yzwsg+PaQqUC9SRmAiSA9CCCYd4="
    },
    "isarray": {
      "version": "0.0.1",
      "resolved": "https://registry.npmjs.org/isarray/-/isarray-0.0.1.tgz",
      "integrity": "sha1-ihis/Kmo9Bd+Cav8YDiTmwXR7t8="
    },
    "keypress": {
      "version": "0.1.0",
      "resolved": "https://registry.npmjs.org/keypress/-/keypress-0.1.0.tgz",
      "integrity": "sha1-SjGI1CkbZrT2XtuZ+AaqmuKTWSo="
    },
    "material-components-web": {
      "version": "0.17.0",
      "resolved": "https://registry.npmjs.org/material-components-web/-/material-components-web-0.17.0.tgz",
      "integrity": "sha1-6nAuNiddBt1MNjiFTORWMcoxhoM="
    },
    "material-design-icons": {
      "version": "3.0.1",
      "resolved": "https://registry.npmjs.org/material-design-icons/-/material-design-icons-3.0.1.tgz",
      "integrity": "sha1-mnHEh0chjrylHlGmbaaCA4zct78="
    },
    "merge-descriptors": {
      "version": "0.0.1",
      "resolved": "https://registry.npmjs.org/merge-descriptors/-/merge-descriptors-0.0.1.tgz",
      "integrity": "sha1-L/CYDJJM+B0LXR+2ARd8uLtWwNA="
    },
    "methods": {
      "version": "0.1.0",
      "resolved": "https://registry.npmjs.org/methods/-/methods-0.1.0.tgz",
      "integrity": "sha1-M11Cnu/SG3us8unJIqjSvRSjDk8="
    },
    "mime": {
      "version": "1.2.11",
      "resolved": "https://registry.npmjs.org/mime/-/mime-1.2.11.tgz",
      "integrity": "sha1-WCA+7Ybjpe8XrtK32evUfwpg3RA="
    },
    "mkdirp": {
      "version": "0.3.5",
      "resolved": "https://registry.npmjs.org/mkdirp/-/mkdirp-0.3.5.tgz",
      "integrity": "sha1-3j5fiWHIjHh+4TaN+EmsRBPsqNc="
    },
    "multiparty": {
      "version": "2.2.0",
      "resolved": "https://registry.npmjs.org/multiparty/-/multiparty-2.2.0.tgz",
      "integrity": "sha1-pWfCrwAK0i3I8qZT2Rl4rh9TFvQ="
    },
    "negotiator": {
      "version": "0.3.0",
      "resolved": "https://registry.npmjs.org/negotiator/-/negotiator-0.3.0.tgz",
      "integrity": "sha1-cG1pLv7d9XTVfqn7GriaT6fuj2A="
    },
    "node.js": {
      "version": "0.0.0",
      "resolved": "https://registry.npmjs.org/node.js/-/node.js-0.0.0.tgz",
      "integrity": "sha1-UI4G+Wudm/h/5r+oTs6zF5T8HIc="
    },
    "pause": {
      "version": "0.0.1",
      "resolved": "https://registry.npmjs.org/pause/-/pause-0.0.1.tgz",
      "integrity": "sha1-HUCLP9t2kjuVQ9lvtMnf1TXZy10="
    },
    "qs": {
      "version": "0.6.6",
      "resolved": "https://registry.npmjs.org/qs/-/qs-0.6.6.tgz",
      "integrity": "sha1-bgFQmP9RlouKPIGQAdXyyJvEsQc="
    },
    "range-parser": {
      "version": "0.0.4",
      "resolved": "https://registry.npmjs.org/range-parser/-/range-parser-0.0.4.tgz",
      "integrity": "sha1-wEJ//vUcEKy6B4KkbJYC50T/Ygs="
    },
    "raw-body": {
      "version": "1.1.2",
      "resolved": "https://registry.npmjs.org/raw-body/-/raw-body-1.1.2.tgz",
      "integrity": "sha1-x0swBN6l3v0WlhcRBqx0DsMdYr4="
    },
    "readable-stream": {
      "version": "1.1.14",
      "resolved": "https://registry.npmjs.org/readable-stream/-/readable-stream-1.1.14.tgz",
      "integrity": "sha1-fPTFTvZI44EwhMY23SB54WbAgdk="
    },
    "send": {
      "version": "0.1.4",
      "resolved": "https://registry.npmjs.org/send/-/send-0.1.4.tgz",
      "integrity": "sha1-vnDY0b4B3mGCGvE3gLUDRaT3Gr0="
    },
    "stream-counter": {
      "version": "0.2.0",
      "resolved": "https://registry.npmjs.org/stream-counter/-/stream-counter-0.2.0.tgz",
      "integrity": "sha1-3tJmVWMZyLDiIoErnPOyb6fZR94="
    },
    "string_decoder": {
      "version": "0.10.31",
      "resolved": "https://registry.npmjs.org/string_decoder/-/string_decoder-0.10.31.tgz",
      "integrity": "sha1-YuIDvEF2bGwoyfyEMB2rHFMQ+pQ="
    },
    "tabbable": {
      "version": "1.0.6",
      "resolved": "https://registry.npmjs.org/tabbable/-/tabbable-1.0.6.tgz",
      "integrity": "sha1-fCaofqb0ol7fXtthl0WgrnQHJPw="
    },
    "uid2": {
      "version": "0.0.3",
      "resolved": "https://registry.npmjs.org/uid2/-/uid2-0.0.3.tgz",
      "integrity": "sha1-SDEm4Rd03y9xuLY53NeZw3YWK4I="
    }
  }
}
